// !$*UTF8*$!
{
	archiveVersion = 1;
	classes = {
	};
	objectVersion = 77;
	objects = {

/* Begin PBXContainerItemProxy section */
		9CC4D35E2C9D0790003BFEA9 /* PBXContainerItemProxy */ = {
			isa = PBXContainerItemProxy;
			containerPortal = 9CC4D33F2C9D078E003BFEA9 /* Project object */;
			proxyType = 1;
			remoteGlobalIDString = 9CC4D3462C9D078E003BFEA9;
			remoteInfo = SAFinderApp;
		};
		9CC4D3682C9D0790003BFEA9 /* PBXContainerItemProxy */ = {
			isa = PBXContainerItemProxy;
			containerPortal = 9CC4D33F2C9D078E003BFEA9 /* Project object */;
			proxyType = 1;
			remoteGlobalIDString = 9CC4D3462C9D078E003BFEA9;
			remoteInfo = SAFinderApp;
		};
/* End PBXContainerItemProxy section */

/* Begin PBXFileReference section */
		9CC4D3472C9D078E003BFEA9 /* SAFinderApp.app */ = {isa = PBXFileReference; explicitFileType = wrapper.application; includeInIndex = 0; path = SAFinderApp.app; sourceTree = BUILT_PRODUCTS_DIR; };
		9CC4D35D2C9D0790003BFEA9 /* SAFinderAppTests.xctest */ = {isa = PBXFileReference; explicitFileType = wrapper.cfbundle; includeInIndex = 0; path = SAFinderAppTests.xctest; sourceTree = BUILT_PRODUCTS_DIR; };
		9CC4D3672C9D0790003BFEA9 /* SAFinderAppUITests.xctest */ = {isa = PBXFileReference; explicitFileType = wrapper.cfbundle; includeInIndex = 0; path = SAFinderAppUITests.xctest; sourceTree = BUILT_PRODUCTS_DIR; };
/* End PBXFileReference section */

/* Begin PBXFileSystemSynchronizedBuildFileExceptionSet section */
		9CC4D36F2C9D0790003BFEA9 /* Exceptions for "SAFinderApp" folder in "SAFinderApp" target */ = {
			isa = PBXFileSystemSynchronizedBuildFileExceptionSet;
			membershipExceptions = (
				Info.plist,
			);
			target = 9CC4D3462C9D078E003BFEA9 /* SAFinderApp */;
		};
/* End PBXFileSystemSynchronizedBuildFileExceptionSet section */

/* Begin PBXFileSystemSynchronizedRootGroup section */
		9CC4D3492C9D078E003BFEA9 /* SAFinderApp */ = {
			isa = PBXFileSystemSynchronizedRootGroup;
			exceptions = (
				9CC4D36F2C9D0790003BFEA9 /* Exceptions for "SAFinderApp" folder in "SAFinderApp" target */,
			);
			path = SAFinderApp;
			sourceTree = "<group>";
		};
/* End PBXFileSystemSynchronizedRootGroup section */

/* Begin PBXFrameworksBuildPhase section */
		9CC4D3442C9D078E003BFEA9 /* Frameworks */ = {
			isa = PBXFrameworksBuildPhase;
			buildActionMask = 2147483647;
			files = (
			);
			runOnlyForDeploymentPostprocessing = 0;
		};
		9CC4D35A2C9D0790003BFEA9 /* Frameworks */ = {
			isa = PBXFrameworksBuildPhase;
			buildActionMask = 2147483647;
			files = (
			);
			runOnlyForDeploymentPostprocessing = 0;
		};
		9CC4D3642C9D0790003BFEA9 /* Frameworks */ = {
			isa = PBXFrameworksBuildPhase;
			buildActionMask = 2147483647;
			files = (
			);
			runOnlyForDeploymentPostprocessing = 0;
		};
/* End PBXFrameworksBuildPhase section */

/* Begin PBXGroup section */
		9CC4D33E2C9D078E003BFEA9 = {
			isa = PBXGroup;
			children = (
				9CC4D3492C9D078E003BFEA9 /* SAFinderApp */,
				9CC4D3482C9D078E003BFEA9 /* Products */,
			);
			sourceTree = "<group>";
		};
		9CC4D3482C9D078E003BFEA9 /* Products */ = {
			isa = PBXGroup;
			children = (
				9CC4D3472C9D078E003BFEA9 /* SAFinderApp.app */,
				9CC4D35D2C9D0790003BFEA9 /* SAFinderAppTests.xctest */,
				9CC4D3672C9D0790003BFEA9 /* SAFinderAppUITests.xctest */,
			);
			name = Products;
			sourceTree = "<group>";
		};
/* End PBXGroup section */

/* Begin PBXNativeTarget section */
		9CC4D3462C9D078E003BFEA9 /* SAFinderApp */ = {
			isa = PBXNativeTarget;
			buildConfigurationList = 9CC4D3702C9D0790003BFEA9 /* Build configuration list for PBXNativeTarget "SAFinderApp" */;
			buildPhases = (
				9CC4D3432C9D078E003BFEA9 /* Sources */,
				9CC4D3442C9D078E003BFEA9 /* Frameworks */,
				9CC4D3452C9D078E003BFEA9 /* Resources */,
			);
			buildRules = (
			);
			dependencies = (
			);
			fileSystemSynchronizedGroups = (
				9CC4D3492C9D078E003BFEA9 /* SAFinderApp */,
			);
			name = SAFinderApp;
			packageProductDependencies = (
			);
			productName = SAFinderApp;
			productReference = 9CC4D3472C9D078E003BFEA9 /* SAFinderApp.app */;
			productType = "com.apple.product-type.application";
		};
		9CC4D35C2C9D0790003BFEA9 /* SAFinderAppTests */ = {
			isa = PBXNativeTarget;
			buildConfigurationList = 9CC4D3752C9D0790003BFEA9 /* Build configuration list for PBXNativeTarget "SAFinderAppTests" */;
			buildPhases = (
				9CC4D3592C9D0790003BFEA9 /* Sources */,
				9CC4D35A2C9D0790003BFEA9 /* Frameworks */,
				9CC4D35B2C9D0790003BFEA9 /* Resources */,
			);
			buildRules = (
			);
			dependencies = (
				9CC4D35F2C9D0790003BFEA9 /* PBXTargetDependency */,
			);
			name = SAFinderAppTests;
			packageProductDependencies = (
			);
			productName = SAFinderAppTests;
			productReference = 9CC4D35D2C9D0790003BFEA9 /* SAFinderAppTests.xctest */;
			productType = "com.apple.product-type.bundle.unit-test";
		};
		9CC4D3662C9D0790003BFEA9 /* SAFinderAppUITests */ = {
			isa = PBXNativeTarget;
			buildConfigurationList = 9CC4D3782C9D0790003BFEA9 /* Build configuration list for PBXNativeTarget "SAFinderAppUITests" */;
			buildPhases = (
				9CC4D3632C9D0790003BFEA9 /* Sources */,
				9CC4D3642C9D0790003BFEA9 /* Frameworks */,
				9CC4D3652C9D0790003BFEA9 /* Resources */,
			);
			buildRules = (
			);
			dependencies = (
				9CC4D3692C9D0790003BFEA9 /* PBXTargetDependency */,
			);
			name = SAFinderAppUITests;
			packageProductDependencies = (
			);
			productName = SAFinderAppUITests;
			productReference = 9CC4D3672C9D0790003BFEA9 /* SAFinderAppUITests.xctest */;
			productType = "com.apple.product-type.bundle.ui-testing";
		};
/* End PBXNativeTarget section */

/* Begin PBXProject section */
		9CC4D33F2C9D078E003BFEA9 /* Project object */ = {
			isa = PBXProject;
			attributes = {
				BuildIndependentTargetsInParallel = 1;
				LastSwiftUpdateCheck = 1600;
				LastUpgradeCheck = 1600;
				TargetAttributes = {
					9CC4D3462C9D078E003BFEA9 = {
						CreatedOnToolsVersion = 16.0;
					};
					9CC4D35C2C9D0790003BFEA9 = {
						CreatedOnToolsVersion = 16.0;
						TestTargetID = 9CC4D3462C9D078E003BFEA9;
					};
					9CC4D3662C9D0790003BFEA9 = {
						CreatedOnToolsVersion = 16.0;
						TestTargetID = 9CC4D3462C9D078E003BFEA9;
					};
				};
			};
			buildConfigurationList = 9CC4D3422C9D078E003BFEA9 /* Build configuration list for PBXProject "SAFinderApp" */;
			developmentRegion = en;
			hasScannedForEncodings = 0;
			knownRegions = (
				en,
				Base,
			);
			mainGroup = 9CC4D33E2C9D078E003BFEA9;
			minimizedProjectReferenceProxies = 1;
			preferredProjectObjectVersion = 77;
			productRefGroup = 9CC4D3482C9D078E003BFEA9 /* Products */;
			projectDirPath = "";
			projectRoot = "";
			targets = (
				9CC4D3462C9D078E003BFEA9 /* SAFinderApp */,
				9CC4D35C2C9D0790003BFEA9 /* SAFinderAppTests */,
				9CC4D3662C9D0790003BFEA9 /* SAFinderAppUITests */,
			);
		};
/* End PBXProject section */

/* Begin PBXResourcesBuildPhase section */
		9CC4D3452C9D078E003BFEA9 /* Resources */ = {
			isa = PBXResourcesBuildPhase;
			buildActionMask = 2147483647;
			files = (
			);
			runOnlyForDeploymentPostprocessing = 0;
		};
		9CC4D35B2C9D0790003BFEA9 /* Resources */ = {
			isa = PBXResourcesBuildPhase;
			buildActionMask = 2147483647;
			files = (
			);
			runOnlyForDeploymentPostprocessing = 0;
		};
		9CC4D3652C9D0790003BFEA9 /* Resources */ = {
			isa = PBXResourcesBuildPhase;
			buildActionMask = 2147483647;
			files = (
			);
			runOnlyForDeploymentPostprocessing = 0;
		};
/* End PBXResourcesBuildPhase section */

/* Begin PBXSourcesBuildPhase section */
		9CC4D3432C9D078E003BFEA9 /* Sources */ = {
			isa = PBXSourcesBuildPhase;
			buildActionMask = 2147483647;
			files = (
			);
			runOnlyForDeploymentPostprocessing = 0;
		};
		9CC4D3592C9D0790003BFEA9 /* Sources */ = {
			isa = PBXSourcesBuildPhase;
			buildActionMask = 2147483647;
			files = (
			);
			runOnlyForDeploymentPostprocessing = 0;
		};
		9CC4D3632C9D0790003BFEA9 /* Sources */ = {
			isa = PBXSourcesBuildPhase;
			buildActionMask = 2147483647;
			files = (
			);
			runOnlyForDeploymentPostprocessing = 0;
		};
/* End PBXSourcesBuildPhase section */

/* Begin PBXTargetDependency section */
		9CC4D35F2C9D0790003BFEA9 /* PBXTargetDependency */ = {
			isa = PBXTargetDependency;
			target = 9CC4D3462C9D078E003BFEA9 /* SAFinderApp */;
			targetProxy = 9CC4D35E2C9D0790003BFEA9 /* PBXContainerItemProxy */;
		};
		9CC4D3692C9D0790003BFEA9 /* PBXTargetDependency */ = {
			isa = PBXTargetDependency;
			target = 9CC4D3462C9D078E003BFEA9 /* SAFinderApp */;
			targetProxy = 9CC4D3682C9D0790003BFEA9 /* PBXContainerItemProxy */;
		};
/* End PBXTargetDependency section */

/* Begin XCBuildConfiguration section */
		9CC4D3712C9D0790003BFEA9 /* Debug */ = {
			isa = XCBuildConfiguration;
			buildSettings = {
				ASSETCATALOG_COMPILER_APPICON_NAME = AppIcon;
				ASSETCATALOG_COMPILER_GLOBAL_ACCENT_COLOR_NAME = AccentColor;
				CODE_SIGN_STYLE = Automatic;
				CURRENT_PROJECT_VERSION = 1;
				GENERATE_INFOPLIST_FILE = YES;
				INFOPLIST_FILE = SAFinderApp/Info.plist;
				INFOPLIST_KEY_CFBundleDisplayName = "SA Finder";
				INFOPLIST_KEY_LSApplicationCategoryType = "public.app-category.education";
				INFOPLIST_KEY_UIApplicationSupportsIndirectInputEvents = YES;
				INFOPLIST_KEY_UILaunchStoryboardName = LaunchScreen;
				INFOPLIST_KEY_UIMainStoryboardFile = Main;
				INFOPLIST_KEY_UISupportedInterfaceOrientations_iPad = "UIInterfaceOrientationPortrait UIInterfaceOrientationPortraitUpsideDown UIInterfaceOrientationLandscapeLeft UIInterfaceOrientationLandscapeRight";
				INFOPLIST_KEY_UISupportedInterfaceOrientations_iPhone = "UIInterfaceOrientationPortrait UIInterfaceOrientationLandscapeLeft UIInterfaceOrientationLandscapeRight";
				LD_RUNPATH_SEARCH_PATHS = (
					"$(inherited)",
					"@executable_path/Frameworks",
				);
				MARKETING_VERSION = 1.0;
				PRODUCT_BUNDLE_IDENTIFIER = ca.myscc.w0822400.SAFinderApp;
				PRODUCT_NAME = "$(TARGET_NAME)";
				SWIFT_EMIT_LOC_STRINGS = YES;
				SWIFT_VERSION = 5.0;
				TARGETED_DEVICE_FAMILY = "1,2";
			};
			name = Debug;
		};
		9CC4D3722C9D0790003BFEA9 /* Release */ = {
			isa = XCBuildConfiguration;
			buildSettings = {
				ASSETCATALOG_COMPILER_APPICON_NAME = AppIcon;
				ASSETCATALOG_COMPILER_GLOBAL_ACCENT_COLOR_NAME = AccentColor;
				CODE_SIGN_STYLE = Automatic;
				CURRENT_PROJECT_VERSION = 1;
				GENERATE_INFOPLIST_FILE = YES;
				INFOPLIST_FILE = SAFinderApp/Info.plist;
				INFOPLIST_KEY_CFBundleDisplayName = "SA Finder";
				INFOPLIST_KEY_LSApplicationCategoryType = "public.app-category.education";
				INFOPLIST_KEY_UIApplicationSupportsIndirectInputEvents = YES;
				INFOPLIST_KEY_UILaunchStoryboardName = LaunchScreen;
				INFOPLIST_KEY_UIMainStoryboardFile = Main;
				INFOPLIST_KEY_UISupportedInterfaceOrientations_iPad = "UIInterfaceOrientationPortrait UIInterfaceOrientationPortraitUpsideDown UIInterfaceOrientationLandscapeLeft UIInterfaceOrientationLandscapeRight";
				INFOPLIST_KEY_UISupportedInterfaceOrientations_iPhone = "UIInterfaceOrientationPortrait UIInterfaceOrientationLandscapeLeft UIInterfaceOrientationLandscapeRight";
				LD_RUNPATH_SEARCH_PATHS = (
					"$(inherited)",
					"@executable_path/Frameworks",
				);
				MARKETING_VERSION = 1.0;
				PRODUCT_BUNDLE_IDENTIFIER = ca.myscc.w0822400.SAFinderApp;
				PRODUCT_NAME = "$(TARGET_NAME)";
				SWIFT_EMIT_LOC_STRINGS = YES;
				SWIFT_VERSION = 5.0;
				TARGETED_DEVICE_FAMILY = "1,2";
			};
			name = Release;
		};
		9CC4D3732C9D0790003BFEA9 /* Debug */ = {
			isa = XCBuildConfiguration;
			buildSettings = {
				ALWAYS_SEARCH_USER_PATHS = NO;
				ASSETCATALOG_COMPILER_GENERATE_SWIFT_ASSET_SYMBOL_EXTENSIONS = YES;
				CLANG_ANALYZER_NONNULL = YES;
				CLANG_ANALYZER_NUMBER_OBJECT_CONVERSION = YES_AGGRESSIVE;
				CLANG_CXX_LANGUAGE_STANDARD = "gnu++20";
				CLANG_ENABLE_MODULES = YES;
				CLANG_ENABLE_OBJC_ARC = YES;
				CLANG_ENABLE_OBJC_WEAK = YES;
				CLANG_WARN_BLOCK_CAPTURE_AUTORELEASING = YES;
				CLANG_WARN_BOOL_CONVERSION = YES;
				CLANG_WARN_COMMA = YES;
				CLANG_WARN_CONSTANT_CONVERSION = YES;
				CLANG_WARN_DEPRECATED_OBJC_IMPLEMENTATIONS = YES;
				CLANG_WARN_DIRECT_OBJC_ISA_USAGE = YES_ERROR;
				CLANG_WARN_DOCUMENTATION_COMMENTS = YES;
				CLANG_WARN_EMPTY_BODY = YES;
				CLANG_WARN_ENUM_CONVERSION = YES;
				CLANG_WARN_INFINITE_RECURSION = YES;
				CLANG_WARN_INT_CONVERSION = YES;
				CLANG_WARN_NON_LITERAL_NULL_CONVERSION = YES;
				CLANG_WARN_OBJC_IMPLICIT_RETAIN_SELF = YES;
				CLANG_WARN_OBJC_LITERAL_CONVERSION = YES;
				CLANG_WARN_OBJC_ROOT_CLASS = YES_ERROR;
				CLANG_WARN_QUOTED_INCLUDE_IN_FRAMEWORK_HEADER = YES;
				CLANG_WARN_RANGE_LOOP_ANALYSIS = YES;
				CLANG_WARN_STRICT_PROTOTYPES = YES;
				CLANG_WARN_SUSPICIOUS_MOVE = YES;
				CLANG_WARN_UNGUARDED_AVAILABILITY = YES_AGGRESSIVE;
				CLANG_WARN_UNREACHABLE_CODE = YES;
				CLANG_WARN__DUPLICATE_METHOD_MATCH = YES;
				COPY_PHASE_STRIP = NO;
				DEBUG_INFORMATION_FORMAT = dwarf;
				ENABLE_STRICT_OBJC_MSGSEND = YES;
				ENABLE_TESTABILITY = YES;
				ENABLE_USER_SCRIPT_SANDBOXING = YES;
				GCC_C_LANGUAGE_STANDARD = gnu17;
				GCC_DYNAMIC_NO_PIC = NO;
				GCC_NO_COMMON_BLOCKS = YES;
				GCC_OPTIMIZATION_LEVEL = 0;
				GCC_PREPROCESSOR_DEFINITIONS = (
					"DEBUG=1",
					"$(inherited)",
				);
				GCC_WARN_64_TO_32_BIT_CONVERSION = YES;
				GCC_WARN_ABOUT_RETURN_TYPE = YES_ERROR;
				GCC_WARN_UNDECLARED_SELECTOR = YES;
				GCC_WARN_UNINITIALIZED_AUTOS = YES_AGGRESSIVE;
				GCC_WARN_UNUSED_FUNCTION = YES;
				GCC_WARN_UNUSED_VARIABLE = YES;
				IPHONEOS_DEPLOYMENT_TARGET = 18.0;
				LOCALIZATION_PREFERS_STRING_CATALOGS = YES;
				MTL_ENABLE_DEBUG_INFO = INCLUDE_SOURCE;
				MTL_FAST_MATH = YES;
				ONLY_ACTIVE_ARCH = YES;
				SDKROOT = iphoneos;
				SWIFT_ACTIVE_COMPILATION_CONDITIONS = "DEBUG $(inherited)";
				SWIFT_OPTIMIZATION_LEVEL = "-Onone";
			};
			name = Debug;
		};
		9CC4D3742C9D0790003BFEA9 /* Release */ = {
			isa = XCBuildConfiguration;
			buildSettings = {
				ALWAYS_SEARCH_USER_PATHS = NO;
				ASSETCATALOG_COMPILER_GENERATE_SWIFT_ASSET_SYMBOL_EXTENSIONS = YES;
				CLANG_ANALYZER_NONNULL = YES;
				CLANG_ANALYZER_NUMBER_OBJECT_CONVERSION = YES_AGGRESSIVE;
				CLANG_CXX_LANGUAGE_STANDARD = "gnu++20";
				CLANG_ENABLE_MODULES = YES;
				CLANG_ENABLE_OBJC_ARC = YES;
				CLANG_ENABLE_OBJC_WEAK = YES;
				CLANG_WARN_BLOCK_CAPTURE_AUTORELEASING = YES;
				CLANG_WARN_BOOL_CONVERSION = YES;
				CLANG_WARN_COMMA = YES;
				CLANG_WARN_CONSTANT_CONVERSION = YES;
				CLANG_WARN_DEPRECATED_OBJC_IMPLEMENTATIONS = YES;
				CLANG_WARN_DIRECT_OBJC_ISA_USAGE = YES_ERROR;
				CLANG_WARN_DOCUMENTATION_COMMENTS = YES;
				CLANG_WARN_EMPTY_BODY = YES;
				CLANG_WARN_ENUM_CONVERSION = YES;
				CLANG_WARN_INFINITE_RECURSION = YES;
				CLANG_WARN_INT_CONVERSION = YES;
				CLANG_WARN_NON_LITERAL_NULL_CONVERSION = YES;
				CLANG_WARN_OBJC_IMPLICIT_RETAIN_SELF = YES;
				CLANG_WARN_OBJC_LITERAL_CONVERSION = YES;
				CLANG_WARN_OBJC_ROOT_CLASS = YES_ERROR;
				CLANG_WARN_QUOTED_INCLUDE_IN_FRAMEWORK_HEADER = YES;
				CLANG_WARN_RANGE_LOOP_ANALYSIS = YES;
				CLANG_WARN_STRICT_PROTOTYPES = YES;
				CLANG_WARN_SUSPICIOUS_MOVE = YES;
				CLANG_WARN_UNGUARDED_AVAILABILITY = YES_AGGRESSIVE;
				CLANG_WARN_UNREACHABLE_CODE = YES;
				CLANG_WARN__DUPLICATE_METHOD_MATCH = YES;
				COPY_PHASE_STRIP = NO;
				DEBUG_INFORMATION_FORMAT = "dwarf-with-dsym";
				ENABLE_NS_ASSERTIONS = NO;
				ENABLE_STRICT_OBJC_MSGSEND = YES;
				ENABLE_USER_SCRIPT_SANDBOXING = YES;
				GCC_C_LANGUAGE_STANDARD = gnu17;
				GCC_NO_COMMON_BLOCKS = YES;
				GCC_WARN_64_TO_32_BIT_CONVERSION = YES;
				GCC_WARN_ABOUT_RETURN_TYPE = YES_ERROR;
				GCC_WARN_UNDECLARED_SELECTOR = YES;
				GCC_WARN_UNINITIALIZED_AUTOS = YES_AGGRESSIVE;
				GCC_WARN_UNUSED_FUNCTION = YES;
				GCC_WARN_UNUSED_VARIABLE = YES;
				IPHONEOS_DEPLOYMENT_TARGET = 18.0;
				LOCALIZATION_PREFERS_STRING_CATALOGS = YES;
				MTL_ENABLE_DEBUG_INFO = NO;
				MTL_FAST_MATH = YES;
				SDKROOT = iphoneos;
				SWIFT_COMPILATION_MODE = wholemodule;
				VALIDATE_PRODUCT = YES;
			};
			name = Release;
		};
		9CC4D3762C9D0790003BFEA9 /* Debug */ = {
			isa = XCBuildConfiguration;
			buildSettings = {
				BUNDLE_LOADER = "$(TEST_HOST)";
				CODE_SIGN_STYLE = Automatic;
				CURRENT_PROJECT_VERSION = 1;
				GENERATE_INFOPLIST_FILE = YES;
				IPHONEOS_DEPLOYMENT_TARGET = 18.0;
				MARKETING_VERSION = 1.0;
				PRODUCT_BUNDLE_IDENTIFIER = ca.myscc.w0822400.SAFinderAppTests;
				PRODUCT_NAME = "$(TARGET_NAME)";
				SWIFT_EMIT_LOC_STRINGS = NO;
				SWIFT_VERSION = 5.0;
				TARGETED_DEVICE_FAMILY = "1,2";
				TEST_HOST = "$(BUILT_PRODUCTS_DIR)/SAFinderApp.app/$(BUNDLE_EXECUTABLE_FOLDER_PATH)/SAFinderApp";
			};
			name = Debug;
		};
		9CC4D3772C9D0790003BFEA9 /* Release */ = {
			isa = XCBuildConfiguration;
			buildSettings = {
				BUNDLE_LOADER = "$(TEST_HOST)";
				CODE_SIGN_STYLE = Automatic;
				CURRENT_PROJECT_VERSION = 1;
				GENERATE_INFOPLIST_FILE = YES;
				IPHONEOS_DEPLOYMENT_TARGET = 18.0;
				MARKETING_VERSION = 1.0;
				PRODUCT_BUNDLE_IDENTIFIER = ca.myscc.w0822400.SAFinderAppTests;
				PRODUCT_NAME = "$(TARGET_NAME)";
				SWIFT_EMIT_LOC_STRINGS = NO;
				SWIFT_VERSION = 5.0;
				TARGETED_DEVICE_FAMILY = "1,2";
				TEST_HOST = "$(BUILT_PRODUCTS_DIR)/SAFinderApp.app/$(BUNDLE_EXECUTABLE_FOLDER_PATH)/SAFinderApp";
			};
			name = Release;
		};
		9CC4D3792C9D0790003BFEA9 /* Debug */ = {
			isa = XCBuildConfiguration;
			buildSettings = {
				CODE_SIGN_STYLE = Automatic;
				CURRENT_PROJECT_VERSION = 1;
				GENERATE_INFOPLIST_FILE = YES;
				MARKETING_VERSION = 1.0;
				PRODUCT_BUNDLE_IDENTIFIER = ca.myscc.w0822400.SAFinderAppUITests;
				PRODUCT_NAME = "$(TARGET_NAME)";
				SWIFT_EMIT_LOC_STRINGS = NO;
				SWIFT_VERSION = 5.0;
				TARGETED_DEVICE_FAMILY = "1,2";
				TEST_TARGET_NAME = SAFinderApp;
			};
			name = Debug;
		};
		9CC4D37A2C9D0790003BFEA9 /* Release */ = {
			isa = XCBuildConfiguration;
			buildSettings = {
				CODE_SIGN_STYLE = Automatic;
				CURRENT_PROJECT_VERSION = 1;
				GENERATE_INFOPLIST_FILE = YES;
				MARKETING_VERSION = 1.0;
				PRODUCT_BUNDLE_IDENTIFIER = ca.myscc.w0822400.SAFinderAppUITests;
				PRODUCT_NAME = "$(TARGET_NAME)";
				SWIFT_EMIT_LOC_STRINGS = NO;
				SWIFT_VERSION = 5.0;
				TARGETED_DEVICE_FAMILY = "1,2";
				TEST_TARGET_NAME = SAFinderApp;
			};
			name = Release;
		};
/* End XCBuildConfiguration section */

/* Begin XCConfigurationList section */
		9CC4D3422C9D078E003BFEA9 /* Build configuration list for PBXProject "SAFinderApp" */ = {
			isa = XCConfigurationList;
			buildConfigurations = (
				9CC4D3732C9D0790003BFEA9 /* Debug */,
				9CC4D3742C9D0790003BFEA9 /* Release */,
			);
			defaultConfigurationIsVisible = 0;
			defaultConfigurationName = Release;
		};
		9CC4D3702C9D0790003BFEA9 /* Build configuration list for PBXNativeTarget "SAFinderApp" */ = {
			isa = XCConfigurationList;
			buildConfigurations = (
				9CC4D3712C9D0790003BFEA9 /* Debug */,
				9CC4D3722C9D0790003BFEA9 /* Release */,
			);
			defaultConfigurationIsVisible = 0;
			defaultConfigurationName = Release;
		};
		9CC4D3752C9D0790003BFEA9 /* Build configuration list for PBXNativeTarget "SAFinderAppTests" */ = {
			isa = XCConfigurationList;
			buildConfigurations = (
				9CC4D3762C9D0790003BFEA9 /* Debug */,
				9CC4D3772C9D0790003BFEA9 /* Release */,
			);
			defaultConfigurationIsVisible = 0;
			defaultConfigurationName = Release;
		};
		9CC4D3782C9D0790003BFEA9 /* Build configuration list for PBXNativeTarget "SAFinderAppUITests" */ = {
			isa = XCConfigurationList;
			buildConfigurations = (
				9CC4D3792C9D0790003BFEA9 /* Debug */,
				9CC4D37A2C9D0790003BFEA9 /* Release */,
			);
			defaultConfigurationIsVisible = 0;
			defaultConfigurationName = Release;
		};
/* End XCConfigurationList section */
	};
	rootObject = 9CC4D33F2C9D078E003BFEA9 /* Project object */;
}
